
Microsoft Visual Studio Solution File, Format Version 12.00
# Visual Studio Version 16
VisualStudioVersion = 16.0.34301.259
MinimumVisualStudioVersion = 10.0.40219.1
Project("{FAE04EC0-301F-11D3-BF4B-00C04F79EFBC}") = "MasterPol", "MasterPol\MasterPol.csproj", "{65C52D2D-1810-4AFF-9849-DF3BFF213967}"
EndProject
Global
	GlobalSection(SolutionConfigurationPlatforms) = preSolution
		Debug|Any CPU = Debug|Any CPU
		Release|Any CPU = Release|Any CPU
	EndGlobalSection
	GlobalSection(ProjectConfigurationPlatforms) = postSolution
		{65C52D2D-1810-4AFF-9849-DF3BFF213967}.Debug|Any CPU.ActiveCfg = Debug|Any CPU
		{65C52D2D-1810-4AFF-9849-DF3BFF213967}.Debug|Any CPU.Build.0 = Debug|Any CPU
		{65C52D2D-1810-4AFF-9849-DF3BFF213967}.Release|Any CPU.ActiveCfg = Release|Any CPU
		{65C52D2D-1810-4AFF-9849-DF3BFF213967}.Release|Any CPU.Build.0 = Release|Any CPU
	EndGlobalSection
	GlobalSection(SolutionProperties) = preSolution
		HideSolutionNode = FALSE
	EndGlobalSection
	GlobalSection(ExtensibilityGlobals) = postSolution
		SolutionGuid = {F50EA5AF-00D1-400B-A2FF-14A6B2034D0D}
	EndGlobalSection
EndGlobal
